
Microsoft Visual Studio Solution File, Format Version 11.00
# Visual Basic Express 2010
Project("{F184B08F-C81C-45F6-A57F-5ABD9991F28F}") = "CoordThingy", "CoordThingy.vbproj", "{DB2B4051-6DB8-4740-B126-4D939F06777E}"
EndProject
Global
	GlobalSection(SolutionConfigurationPlatforms) = preSolution
		Debug|Any CPU = Debug|Any CPU
		Release|Any CPU = Release|Any CPU
	EndGlobalSection
	GlobalSection(ProjectConfigurationPlatforms) = postSolution
		{DB2B4051-6DB8-4740-B126-4D939F06777E}.Debug|Any CPU.ActiveCfg = Debug|Any CPU
		{DB2B4051-6DB8-4740-B126-4D939F06777E}.Debug|Any CPU.Build.0 = Debug|Any CPU
		{DB2B4051-6DB8-4740-B126-4D939F06777E}.Release|Any CPU.ActiveCfg = Release|Any CPU
		{DB2B4051-6DB8-4740-B126-4D939F06777E}.Release|Any CPU.Build.0 = Release|Any CPU
	EndGlobalSection
	GlobalSection(SolutionProperties) = preSolution
		HideSolutionNode = FALSE
	EndGlobalSection
EndGlobal
